{
    "dependencies": {
      "ffmpeg-cli": {
        "dependencies": {
          "adm-zip": "^0.4.14",
          "follow-redirects": "^1.13.0",
          "progress": "^2.0.3",
          "tar": "^6.0.2",
          "lzma-native": {
            "version": "^6.x",
            "from": "lzma-native@^5.0.1"
          }
        }
      }
    }
  }